
Microsoft Visual Studio Solution File, Format Version 12.00
# Visual Studio Version 17
VisualStudioVersion = 17.10.35122.118
MinimumVisualStudioVersion = 10.0.40219.1
Project("{FAE04EC0-301F-11D3-BF4B-00C04F79EFBC}") = "LAB7.DATA", "LAB7.DATA\LAB7.DATA.csproj", "{5DDD2E63-FDDC-40A5-BF67-752530FCCCC3}"
EndProject
Project("{FAE04EC0-301F-11D3-BF4B-00C04F79EFBC}") = "LAB7.WEB", "LAB7.WEB\LAB7.WEB.csproj", "{E0FA75CA-FC1B-440B-890F-270DE25C8C5D}"
EndProject
Project("{FAE04EC0-301F-11D3-BF4B-00C04F79EFBC}") = "LAB7.API", "LAB7.API\LAB7.API.csproj", "{99B380B5-ECD5-4EA2-8DF9-DDAD9DE068DC}"
EndProject
Global
	GlobalSection(SolutionConfigurationPlatforms) = preSolution
		Debug|Any CPU = Debug|Any CPU
		Release|Any CPU = Release|Any CPU
	EndGlobalSection
	GlobalSection(ProjectConfigurationPlatforms) = postSolution
		{5DDD2E63-FDDC-40A5-BF67-752530FCCCC3}.Debug|Any CPU.ActiveCfg = Debug|Any CPU
		{5DDD2E63-FDDC-40A5-BF67-752530FCCCC3}.Debug|Any CPU.Build.0 = Debug|Any CPU
		{5DDD2E63-FDDC-40A5-BF67-752530FCCCC3}.Release|Any CPU.ActiveCfg = Release|Any CPU
		{5DDD2E63-FDDC-40A5-BF67-752530FCCCC3}.Release|Any CPU.Build.0 = Release|Any CPU
		{E0FA75CA-FC1B-440B-890F-270DE25C8C5D}.Debug|Any CPU.ActiveCfg = Debug|Any CPU
		{E0FA75CA-FC1B-440B-890F-270DE25C8C5D}.Debug|Any CPU.Build.0 = Debug|Any CPU
		{E0FA75CA-FC1B-440B-890F-270DE25C8C5D}.Release|Any CPU.ActiveCfg = Release|Any CPU
		{E0FA75CA-FC1B-440B-890F-270DE25C8C5D}.Release|Any CPU.Build.0 = Release|Any CPU
		{99B380B5-ECD5-4EA2-8DF9-DDAD9DE068DC}.Debug|Any CPU.ActiveCfg = Debug|Any CPU
		{99B380B5-ECD5-4EA2-8DF9-DDAD9DE068DC}.Debug|Any CPU.Build.0 = Debug|Any CPU
		{99B380B5-ECD5-4EA2-8DF9-DDAD9DE068DC}.Release|Any CPU.ActiveCfg = Release|Any CPU
		{99B380B5-ECD5-4EA2-8DF9-DDAD9DE068DC}.Release|Any CPU.Build.0 = Release|Any CPU
	EndGlobalSection
	GlobalSection(SolutionProperties) = preSolution
		HideSolutionNode = FALSE
	EndGlobalSection
	GlobalSection(ExtensibilityGlobals) = postSolution
		SolutionGuid = {A521C781-FA1C-4429-AB86-552F2926F3F0}
	EndGlobalSection
EndGlobal
