
Microsoft Visual Studio Solution File, Format Version 12.00
# Visual Studio Version 17
VisualStudioVersion = 17.10.35122.118
MinimumVisualStudioVersion = 10.0.40219.1
Project("{FAE04EC0-301F-11D3-BF4B-00C04F79EFBC}") = "Lab7.DATA", "Lab7.DATA\Lab7.DATA.csproj", "{9098981B-54AD-42D3-901F-7D6F192FEBFE}"
EndProject
Project("{FAE04EC0-301F-11D3-BF4B-00C04F79EFBC}") = "Lab7.WEB", "Lab7.WEB\Lab7.WEB.csproj", "{A091957C-FC58-45B5-B8DD-89D97E471CF6}"
EndProject
Project("{FAE04EC0-301F-11D3-BF4B-00C04F79EFBC}") = "Lab7.API", "Lab7.API\Lab7.API.csproj", "{A27AFBCA-2698-40EF-9D43-D9389C45F1AE}"
EndProject
Global
	GlobalSection(SolutionConfigurationPlatforms) = preSolution
		Debug|Any CPU = Debug|Any CPU
		Release|Any CPU = Release|Any CPU
	EndGlobalSection
	GlobalSection(ProjectConfigurationPlatforms) = postSolution
		{9098981B-54AD-42D3-901F-7D6F192FEBFE}.Debug|Any CPU.ActiveCfg = Debug|Any CPU
		{9098981B-54AD-42D3-901F-7D6F192FEBFE}.Debug|Any CPU.Build.0 = Debug|Any CPU
		{9098981B-54AD-42D3-901F-7D6F192FEBFE}.Release|Any CPU.ActiveCfg = Release|Any CPU
		{9098981B-54AD-42D3-901F-7D6F192FEBFE}.Release|Any CPU.Build.0 = Release|Any CPU
		{A091957C-FC58-45B5-B8DD-89D97E471CF6}.Debug|Any CPU.ActiveCfg = Debug|Any CPU
		{A091957C-FC58-45B5-B8DD-89D97E471CF6}.Debug|Any CPU.Build.0 = Debug|Any CPU
		{A091957C-FC58-45B5-B8DD-89D97E471CF6}.Release|Any CPU.ActiveCfg = Release|Any CPU
		{A091957C-FC58-45B5-B8DD-89D97E471CF6}.Release|Any CPU.Build.0 = Release|Any CPU
		{A27AFBCA-2698-40EF-9D43-D9389C45F1AE}.Debug|Any CPU.ActiveCfg = Debug|Any CPU
		{A27AFBCA-2698-40EF-9D43-D9389C45F1AE}.Debug|Any CPU.Build.0 = Debug|Any CPU
		{A27AFBCA-2698-40EF-9D43-D9389C45F1AE}.Release|Any CPU.ActiveCfg = Release|Any CPU
		{A27AFBCA-2698-40EF-9D43-D9389C45F1AE}.Release|Any CPU.Build.0 = Release|Any CPU
	EndGlobalSection
	GlobalSection(SolutionProperties) = preSolution
		HideSolutionNode = FALSE
	EndGlobalSection
	GlobalSection(ExtensibilityGlobals) = postSolution
		SolutionGuid = {56E1EB2D-F2E9-4B74-A613-B09DCCB12E77}
	EndGlobalSection
EndGlobal
